
Microsoft Visual Studio Solution File, Format Version 12.00
# Visual Studio Version 17
VisualStudioVersion = 17.7.34031.279
MinimumVisualStudioVersion = 10.0.40219.1
Project("{9A19103F-16F7-4668-BE54-9A1E7A4F7556}") = "CLPatch", "CLPatch\CLPatch.csproj", "{43D1E002-AD7B-45D6-B9FF-D06303159621}"
EndProject
Global
	GlobalSection(SolutionConfigurationPlatforms) = preSolution
		Debug|Any CPU = Debug|Any CPU
		Release|Any CPU = Release|Any CPU
	EndGlobalSection
	GlobalSection(ProjectConfigurationPlatforms) = postSolution
		{43D1E002-AD7B-45D6-B9FF-D06303159621}.Debug|Any CPU.ActiveCfg = Release|Any CPU
		{43D1E002-AD7B-45D6-B9FF-D06303159621}.Debug|Any CPU.Build.0 = Release|Any CPU
		{43D1E002-AD7B-45D6-B9FF-D06303159621}.Release|Any CPU.ActiveCfg = Release|Any CPU
		{43D1E002-AD7B-45D6-B9FF-D06303159621}.Release|Any CPU.Build.0 = Release|Any CPU
	EndGlobalSection
	GlobalSection(SolutionProperties) = preSolution
		HideSolutionNode = FALSE
	EndGlobalSection
	GlobalSection(ExtensibilityGlobals) = postSolution
		SolutionGuid = {88E2605B-AA3E-4C6D-85CF-EB73411DD088}
	EndGlobalSection
EndGlobal
